
Microsoft Visual Studio Solution File, Format Version 12.00
# Visual Studio Version 17
VisualStudioVersion = 17.6.33815.320
MinimumVisualStudioVersion = 10.0.40219.1
Project("{FAE04EC0-301F-11D3-BF4B-00C04F79EFBC}") = "WebAppLeaflet18_07_2023", "WebAppLeaflet18_07_2023\WebAppLeaflet18_07_2023.csproj", "{D1736BEE-2EF6-4F18-BF6B-19CF2B720B87}"
EndProject
Global
	GlobalSection(SolutionConfigurationPlatforms) = preSolution
		Debug|Any CPU = Debug|Any CPU
		Release|Any CPU = Release|Any CPU
	EndGlobalSection
	GlobalSection(ProjectConfigurationPlatforms) = postSolution
		{D1736BEE-2EF6-4F18-BF6B-19CF2B720B87}.Debug|Any CPU.ActiveCfg = Debug|Any CPU
		{D1736BEE-2EF6-4F18-BF6B-19CF2B720B87}.Debug|Any CPU.Build.0 = Debug|Any CPU
		{D1736BEE-2EF6-4F18-BF6B-19CF2B720B87}.Release|Any CPU.ActiveCfg = Release|Any CPU
		{D1736BEE-2EF6-4F18-BF6B-19CF2B720B87}.Release|Any CPU.Build.0 = Release|Any CPU
	EndGlobalSection
	GlobalSection(SolutionProperties) = preSolution
		HideSolutionNode = FALSE
	EndGlobalSection
	GlobalSection(ExtensibilityGlobals) = postSolution
		SolutionGuid = {E2767B5F-D44E-425C-9411-83C976980B52}
	EndGlobalSection
EndGlobal
